
Microsoft Visual Studio Solution File, Format Version 12.00
# Visual Studio Version 17
VisualStudioVersion = 17.14.36717.8
MinimumVisualStudioVersion = 10.0.40219.1
Project("{FAE04EC0-301F-11D3-BF4B-00C04F79EFBC}") = "TaskManager", "TaskManager.csproj", "{E962C0F3-FEE0-4DE8-B2B1-C96B787A758C}"
EndProject
Project("{FAE04EC0-301F-11D3-BF4B-00C04F79EFBC}") = "TaskManager_Test", "..\TaskManager_Test\TaskManager_Test.csproj", "{94943742-14D9-4E12-9670-2BA7A557DE3D}"
EndProject
Global
	GlobalSection(SolutionConfigurationPlatforms) = preSolution
		Debug|Any CPU = Debug|Any CPU
		Release|Any CPU = Release|Any CPU
	EndGlobalSection
	GlobalSection(ProjectConfigurationPlatforms) = postSolution
		{E962C0F3-FEE0-4DE8-B2B1-C96B787A758C}.Debug|Any CPU.ActiveCfg = Debug|Any CPU
		{E962C0F3-FEE0-4DE8-B2B1-C96B787A758C}.Debug|Any CPU.Build.0 = Debug|Any CPU
		{E962C0F3-FEE0-4DE8-B2B1-C96B787A758C}.Release|Any CPU.ActiveCfg = Release|Any CPU
		{E962C0F3-FEE0-4DE8-B2B1-C96B787A758C}.Release|Any CPU.Build.0 = Release|Any CPU
		{94943742-14D9-4E12-9670-2BA7A557DE3D}.Debug|Any CPU.ActiveCfg = Debug|Any CPU
		{94943742-14D9-4E12-9670-2BA7A557DE3D}.Debug|Any CPU.Build.0 = Debug|Any CPU
		{94943742-14D9-4E12-9670-2BA7A557DE3D}.Release|Any CPU.ActiveCfg = Release|Any CPU
		{94943742-14D9-4E12-9670-2BA7A557DE3D}.Release|Any CPU.Build.0 = Release|Any CPU
	EndGlobalSection
	GlobalSection(SolutionProperties) = preSolution
		HideSolutionNode = FALSE
	EndGlobalSection
	GlobalSection(ExtensibilityGlobals) = postSolution
		SolutionGuid = {69109F7A-706E-4B1E-BB74-B4AD7C028B85}
	EndGlobalSection
EndGlobal
